
Microsoft Visual Studio Solution File, Format Version 12.00
# Visual Studio 2012
Project("{FAE04EC0-301F-11D3-BF4B-00C04F79EFBC}") = "1. LeapYearCheck", "1. LeapYearCheck\1. LeapYearCheck.csproj", "{C73DE24C-7015-4DEA-9D74-DE1641F8E315}"
EndProject
Project("{FAE04EC0-301F-11D3-BF4B-00C04F79EFBC}") = "2. PrintRandomValues", "2. PrintRandomValues\2. PrintRandomValues.csproj", "{56B22FF7-E0D2-4988-B3E8-3E9CB363EB56}"
EndProject
Project("{FAE04EC0-301F-11D3-BF4B-00C04F79EFBC}") = "3. PrintDayOfTheWeek", "3. PrintDayOfTheWeek\3. PrintDayOfTheWeek.csproj", "{39BDFBEC-3ABC-4908-B5DD-0FF87BADA43A}"
EndProject
Project("{FAE04EC0-301F-11D3-BF4B-00C04F79EFBC}") = "4. SurfaceOfTriangleMethods", "4. SurfaceOfTriangleMethods\4. SurfaceOfTriangleMethods.csproj", "{BBDBBE17-F566-4F6A-9FE2-465DB432AB4E}"
EndProject
Project("{FAE04EC0-301F-11D3-BF4B-00C04F79EFBC}") = "5. CalculateNumberOfWorkdays", "5. CalculateNumberOfWorkdays\5. CalculateNumberOfWorkdays.csproj", "{E6888932-A09E-4355-AE8D-A65622C5FD39}"
EndProject
Project("{FAE04EC0-301F-11D3-BF4B-00C04F79EFBC}") = "6. CalculateSumFromString", "6. CalculateSumFromString\6. CalculateSumFromString.csproj", "{B41D5858-571D-4799-9CD9-D38C928C6C76}"
EndProject
Global
	GlobalSection(SolutionConfigurationPlatforms) = preSolution
		Debug|Any CPU = Debug|Any CPU
		Release|Any CPU = Release|Any CPU
	EndGlobalSection
	GlobalSection(ProjectConfigurationPlatforms) = postSolution
		{C73DE24C-7015-4DEA-9D74-DE1641F8E315}.Debug|Any CPU.ActiveCfg = Debug|Any CPU
		{C73DE24C-7015-4DEA-9D74-DE1641F8E315}.Debug|Any CPU.Build.0 = Debug|Any CPU
		{C73DE24C-7015-4DEA-9D74-DE1641F8E315}.Release|Any CPU.ActiveCfg = Release|Any CPU
		{C73DE24C-7015-4DEA-9D74-DE1641F8E315}.Release|Any CPU.Build.0 = Release|Any CPU
		{56B22FF7-E0D2-4988-B3E8-3E9CB363EB56}.Debug|Any CPU.ActiveCfg = Debug|Any CPU
		{56B22FF7-E0D2-4988-B3E8-3E9CB363EB56}.Debug|Any CPU.Build.0 = Debug|Any CPU
		{56B22FF7-E0D2-4988-B3E8-3E9CB363EB56}.Release|Any CPU.ActiveCfg = Release|Any CPU
		{56B22FF7-E0D2-4988-B3E8-3E9CB363EB56}.Release|Any CPU.Build.0 = Release|Any CPU
		{39BDFBEC-3ABC-4908-B5DD-0FF87BADA43A}.Debug|Any CPU.ActiveCfg = Debug|Any CPU
		{39BDFBEC-3ABC-4908-B5DD-0FF87BADA43A}.Debug|Any CPU.Build.0 = Debug|Any CPU
		{39BDFBEC-3ABC-4908-B5DD-0FF87BADA43A}.Release|Any CPU.ActiveCfg = Release|Any CPU
		{39BDFBEC-3ABC-4908-B5DD-0FF87BADA43A}.Release|Any CPU.Build.0 = Release|Any CPU
		{BBDBBE17-F566-4F6A-9FE2-465DB432AB4E}.Debug|Any CPU.ActiveCfg = Debug|Any CPU
		{BBDBBE17-F566-4F6A-9FE2-465DB432AB4E}.Debug|Any CPU.Build.0 = Debug|Any CPU
		{BBDBBE17-F566-4F6A-9FE2-465DB432AB4E}.Release|Any CPU.ActiveCfg = Release|Any CPU
		{BBDBBE17-F566-4F6A-9FE2-465DB432AB4E}.Release|Any CPU.Build.0 = Release|Any CPU
		{E6888932-A09E-4355-AE8D-A65622C5FD39}.Debug|Any CPU.ActiveCfg = Debug|Any CPU
		{E6888932-A09E-4355-AE8D-A65622C5FD39}.Debug|Any CPU.Build.0 = Debug|Any CPU
		{E6888932-A09E-4355-AE8D-A65622C5FD39}.Release|Any CPU.ActiveCfg = Release|Any CPU
		{E6888932-A09E-4355-AE8D-A65622C5FD39}.Release|Any CPU.Build.0 = Release|Any CPU
		{B41D5858-571D-4799-9CD9-D38C928C6C76}.Debug|Any CPU.ActiveCfg = Debug|Any CPU
		{B41D5858-571D-4799-9CD9-D38C928C6C76}.Debug|Any CPU.Build.0 = Debug|Any CPU
		{B41D5858-571D-4799-9CD9-D38C928C6C76}.Release|Any CPU.ActiveCfg = Release|Any CPU
		{B41D5858-571D-4799-9CD9-D38C928C6C76}.Release|Any CPU.Build.0 = Release|Any CPU
	EndGlobalSection
	GlobalSection(SolutionProperties) = preSolution
		HideSolutionNode = FALSE
	EndGlobalSection
EndGlobal
