
Microsoft Visual Studio Solution File, Format Version 12.00
# Visual Studio 2012
Project("{FAE04EC0-301F-11D3-BF4B-00C04F79EFBC}") = "Salaries", "Salaries\Salaries.csproj", "{8B235958-2625-4990-B8F0-A8FBEA3E57BF}"
EndProject
Project("{FAE04EC0-301F-11D3-BF4B-00C04F79EFBC}") = "FriendsInNeed", "FriendsInNeed\FriendsInNeed.csproj", "{BD49FE28-33E0-45DF-A9B4-0FED4B9E21E2}"
EndProject
Global
	GlobalSection(SolutionConfigurationPlatforms) = preSolution
		Debug|Any CPU = Debug|Any CPU
		Release|Any CPU = Release|Any CPU
	EndGlobalSection
	GlobalSection(ProjectConfigurationPlatforms) = postSolution
		{8B235958-2625-4990-B8F0-A8FBEA3E57BF}.Debug|Any CPU.ActiveCfg = Debug|Any CPU
		{8B235958-2625-4990-B8F0-A8FBEA3E57BF}.Debug|Any CPU.Build.0 = Debug|Any CPU
		{8B235958-2625-4990-B8F0-A8FBEA3E57BF}.Release|Any CPU.ActiveCfg = Release|Any CPU
		{8B235958-2625-4990-B8F0-A8FBEA3E57BF}.Release|Any CPU.Build.0 = Release|Any CPU
		{BD49FE28-33E0-45DF-A9B4-0FED4B9E21E2}.Debug|Any CPU.ActiveCfg = Debug|Any CPU
		{BD49FE28-33E0-45DF-A9B4-0FED4B9E21E2}.Debug|Any CPU.Build.0 = Debug|Any CPU
		{BD49FE28-33E0-45DF-A9B4-0FED4B9E21E2}.Release|Any CPU.ActiveCfg = Release|Any CPU
		{BD49FE28-33E0-45DF-A9B4-0FED4B9E21E2}.Release|Any CPU.Build.0 = Release|Any CPU
	EndGlobalSection
	GlobalSection(SolutionProperties) = preSolution
		HideSolutionNode = FALSE
	EndGlobalSection
EndGlobal
